
Microsoft Visual Studio Solution File, Format Version 12.00
# Visual Studio Version 17
VisualStudioVersion = 17.9.34723.18
MinimumVisualStudioVersion = 10.0.40219.1
Project("{FAE04EC0-301F-11D3-BF4B-00C04F79EFBC}") = "FoodDeliveryWebApp", "FoodDeliveryWebApp\FoodDeliveryWebApp.csproj", "{CE23E398-B3F9-4FF2-A759-165F0F76B224}"
EndProject
Global
	GlobalSection(SolutionConfigurationPlatforms) = preSolution
		Debug|Any CPU = Debug|Any CPU
		Release|Any CPU = Release|Any CPU
	EndGlobalSection
	GlobalSection(ProjectConfigurationPlatforms) = postSolution
		{CE23E398-B3F9-4FF2-A759-165F0F76B224}.Debug|Any CPU.ActiveCfg = Debug|Any CPU
		{CE23E398-B3F9-4FF2-A759-165F0F76B224}.Debug|Any CPU.Build.0 = Debug|Any CPU
		{CE23E398-B3F9-4FF2-A759-165F0F76B224}.Release|Any CPU.ActiveCfg = Release|Any CPU
		{CE23E398-B3F9-4FF2-A759-165F0F76B224}.Release|Any CPU.Build.0 = Release|Any CPU
	EndGlobalSection
	GlobalSection(SolutionProperties) = preSolution
		HideSolutionNode = FALSE
	EndGlobalSection
	GlobalSection(ExtensibilityGlobals) = postSolution
		SolutionGuid = {46439DF3-7E8E-4826-AF4E-289FEB926BD1}
	EndGlobalSection
EndGlobal
